
Microsoft Visual Studio Solution File, Format Version 12.00
# Visual Studio 15
VisualStudioVersion = 15.0.27130.2010
MinimumVisualStudioVersion = 10.0.40219.1
Project("{FAE04EC0-301F-11D3-BF4B-00C04F79EFBC}") = "WindowsService", "WindowsService\WindowsService.csproj", "{A657174E-BD34-47CA-A7C9-73F41DC5AD92}"
EndProject
Project("{FAE04EC0-301F-11D3-BF4B-00C04F79EFBC}") = "HelloWorldLibrary", "HelloWorldLibrary\HelloWorldLibrary.csproj", "{84378B41-B416-474D-A979-EA0ABB64D628}"
EndProject
Project("{FAE04EC0-301F-11D3-BF4B-00C04F79EFBC}") = "TopShelf.WIndowsService", "TopShelf.WIndowsService\TopShelf.WIndowsService.csproj", "{1C15E39B-F648-4433-9CC8-D6EE47D988F1}"
EndProject
Project("{2150E333-8FDC-42A3-9474-1A3956D46DE8}") = "Tophelf.ExtraDemos", "Tophelf.ExtraDemos", "{8B50EF95-70C6-493A-94D3-A4332DB047DD}"
EndProject
Project("{FAE04EC0-301F-11D3-BF4B-00C04F79EFBC}") = "TopShelf.WindowsService.UsingNinject", "TopShelf.WindowsService.UsingNinject\TopShelf.WindowsService.UsingNinject.csproj", "{CBF7B48A-0EC0-41A5-9EE6-3518CD018E3D}"
EndProject
Project("{FAE04EC0-301F-11D3-BF4B-00C04F79EFBC}") = "TopShelf.WindowsService.UsingStartParameter", "TopShelf.WindowsService.UsingStartParameter\TopShelf.WindowsService.UsingStartParameter.csproj", "{6A348F0F-2312-4DEB-9B00-F1D411A0756A}"
EndProject
Global
	GlobalSection(SolutionConfigurationPlatforms) = preSolution
		Debug|Any CPU = Debug|Any CPU
		Release|Any CPU = Release|Any CPU
	EndGlobalSection
	GlobalSection(ProjectConfigurationPlatforms) = postSolution
		{A657174E-BD34-47CA-A7C9-73F41DC5AD92}.Debug|Any CPU.ActiveCfg = Debug|Any CPU
		{A657174E-BD34-47CA-A7C9-73F41DC5AD92}.Debug|Any CPU.Build.0 = Debug|Any CPU
		{A657174E-BD34-47CA-A7C9-73F41DC5AD92}.Release|Any CPU.ActiveCfg = Release|Any CPU
		{A657174E-BD34-47CA-A7C9-73F41DC5AD92}.Release|Any CPU.Build.0 = Release|Any CPU
		{84378B41-B416-474D-A979-EA0ABB64D628}.Debug|Any CPU.ActiveCfg = Debug|Any CPU
		{84378B41-B416-474D-A979-EA0ABB64D628}.Debug|Any CPU.Build.0 = Debug|Any CPU
		{84378B41-B416-474D-A979-EA0ABB64D628}.Release|Any CPU.ActiveCfg = Release|Any CPU
		{84378B41-B416-474D-A979-EA0ABB64D628}.Release|Any CPU.Build.0 = Release|Any CPU
		{1C15E39B-F648-4433-9CC8-D6EE47D988F1}.Debug|Any CPU.ActiveCfg = Debug|Any CPU
		{1C15E39B-F648-4433-9CC8-D6EE47D988F1}.Debug|Any CPU.Build.0 = Debug|Any CPU
		{1C15E39B-F648-4433-9CC8-D6EE47D988F1}.Release|Any CPU.ActiveCfg = Release|Any CPU
		{1C15E39B-F648-4433-9CC8-D6EE47D988F1}.Release|Any CPU.Build.0 = Release|Any CPU
		{CBF7B48A-0EC0-41A5-9EE6-3518CD018E3D}.Debug|Any CPU.ActiveCfg = Debug|Any CPU
		{CBF7B48A-0EC0-41A5-9EE6-3518CD018E3D}.Debug|Any CPU.Build.0 = Debug|Any CPU
		{CBF7B48A-0EC0-41A5-9EE6-3518CD018E3D}.Release|Any CPU.ActiveCfg = Release|Any CPU
		{CBF7B48A-0EC0-41A5-9EE6-3518CD018E3D}.Release|Any CPU.Build.0 = Release|Any CPU
		{6A348F0F-2312-4DEB-9B00-F1D411A0756A}.Debug|Any CPU.ActiveCfg = Debug|Any CPU
		{6A348F0F-2312-4DEB-9B00-F1D411A0756A}.Debug|Any CPU.Build.0 = Debug|Any CPU
		{6A348F0F-2312-4DEB-9B00-F1D411A0756A}.Release|Any CPU.ActiveCfg = Release|Any CPU
		{6A348F0F-2312-4DEB-9B00-F1D411A0756A}.Release|Any CPU.Build.0 = Release|Any CPU
	EndGlobalSection
	GlobalSection(SolutionProperties) = preSolution
		HideSolutionNode = FALSE
	EndGlobalSection
	GlobalSection(NestedProjects) = preSolution
		{CBF7B48A-0EC0-41A5-9EE6-3518CD018E3D} = {8B50EF95-70C6-493A-94D3-A4332DB047DD}
		{6A348F0F-2312-4DEB-9B00-F1D411A0756A} = {8B50EF95-70C6-493A-94D3-A4332DB047DD}
	EndGlobalSection
	GlobalSection(ExtensibilityGlobals) = postSolution
		SolutionGuid = {4F2A24D1-7CD1-4FCC-99FC-171E942DEAFA}
	EndGlobalSection
EndGlobal
